
Microsoft Visual Studio Solution File, Format Version 12.00
# Visual Studio Version 17
VisualStudioVersion = 17.6.33829.357
MinimumVisualStudioVersion = 10.0.40219.1
Project("{FAE04EC0-301F-11D3-BF4B-00C04F79EFBC}") = "PersonalAssistant.Web", "PersonalAssistant.Web\PersonalAssistant.Web.csproj", "{213FB024-3956-462D-9261-1EE0FC233149}"
EndProject
Global
	GlobalSection(SolutionConfigurationPlatforms) = preSolution
		Debug|Any CPU = Debug|Any CPU
		Release|Any CPU = Release|Any CPU
	EndGlobalSection
	GlobalSection(ProjectConfigurationPlatforms) = postSolution
		{213FB024-3956-462D-9261-1EE0FC233149}.Debug|Any CPU.ActiveCfg = Debug|Any CPU
		{213FB024-3956-462D-9261-1EE0FC233149}.Debug|Any CPU.Build.0 = Debug|Any CPU
		{213FB024-3956-462D-9261-1EE0FC233149}.Release|Any CPU.ActiveCfg = Release|Any CPU
		{213FB024-3956-462D-9261-1EE0FC233149}.Release|Any CPU.Build.0 = Release|Any CPU
	EndGlobalSection
	GlobalSection(SolutionProperties) = preSolution
		HideSolutionNode = FALSE
	EndGlobalSection
	GlobalSection(ExtensibilityGlobals) = postSolution
		SolutionGuid = {5D09F2BF-6019-46A2-B1AA-0A2FAF5312C8}
	EndGlobalSection
EndGlobal
